
Microsoft Visual Studio Solution File, Format Version 12.00
# Visual Studio 15
VisualStudioVersion = 15.0.27428.2037
MinimumVisualStudioVersion = 10.0.40219.1
Project("{FAE04EC0-301F-11D3-BF4B-00C04F79EFBC}") = "Unit 35- Computer Programming", "Unit 35- Computer Programming\Unit 35- Computer Programming.csproj", "{ABB4D54B-D50A-4B95-B6BC-47AF74AE9141}"
EndProject
Global
	GlobalSection(SolutionConfigurationPlatforms) = preSolution
		Debug|Any CPU = Debug|Any CPU
		Release|Any CPU = Release|Any CPU
	EndGlobalSection
	GlobalSection(ProjectConfigurationPlatforms) = postSolution
		{ABB4D54B-D50A-4B95-B6BC-47AF74AE9141}.Debug|Any CPU.ActiveCfg = Debug|Any CPU
		{ABB4D54B-D50A-4B95-B6BC-47AF74AE9141}.Debug|Any CPU.Build.0 = Debug|Any CPU
		{ABB4D54B-D50A-4B95-B6BC-47AF74AE9141}.Release|Any CPU.ActiveCfg = Release|Any CPU
		{ABB4D54B-D50A-4B95-B6BC-47AF74AE9141}.Release|Any CPU.Build.0 = Release|Any CPU
	EndGlobalSection
	GlobalSection(SolutionProperties) = preSolution
		HideSolutionNode = FALSE
	EndGlobalSection
	GlobalSection(ExtensibilityGlobals) = postSolution
		SolutionGuid = {65B49B45-4DEA-4062-AAD1-E05BAC41920A}
	EndGlobalSection
EndGlobal
